
Microsoft Visual Studio Solution File, Format Version 12.00
# Visual Studio Version 17
VisualStudioVersion = 17.9.34728.123
MinimumVisualStudioVersion = 10.0.40219.1
Project("{2150E333-8FDC-42A3-9474-1A3956D46DE8}") = "Services", "Services", "{7F581BE7-BF9B-48D3-8C85-8DA6EFE3213E}"
EndProject
Project("{2150E333-8FDC-42A3-9474-1A3956D46DE8}") = "Catalog", "Catalog", "{A25D3807-E755-4B23-8704-E63FAC8D6586}"
EndProject
Project("{9A19103F-16F7-4668-BE54-9A1E7A4F7556}") = "GMAShop.Catalog", "Services\Catalog\GMAShop.Catalog\GMAShop.Catalog.csproj", "{0C257173-696B-41D2-9561-1BD358BFA456}"
EndProject
Project("{2150E333-8FDC-42A3-9474-1A3956D46DE8}") = "Discount", "Discount", "{06F3C1A6-420F-4B41-BA87-BCE965EC902C}"
EndProject
Project("{9A19103F-16F7-4668-BE54-9A1E7A4F7556}") = "GMAShop.Discount", "Services\Discount\GMAShop.Discount\GMAShop.Discount.csproj", "{C2869E83-64F2-4D5B-ACAA-2BD52CE9C110}"
EndProject
Project("{2150E333-8FDC-42A3-9474-1A3956D46DE8}") = "Order", "Order", "{1A2FE16C-199E-40E0-9D5C-6032164F697B}"
EndProject
Project("{2150E333-8FDC-42A3-9474-1A3956D46DE8}") = "Core", "Core", "{88621A58-632B-4CF0-B580-E87C5C032472}"
EndProject
Project("{2150E333-8FDC-42A3-9474-1A3956D46DE8}") = "Presentation", "Presentation", "{EF285B16-3F68-4820-8720-5FDB995B1A47}"
EndProject
Project("{2150E333-8FDC-42A3-9474-1A3956D46DE8}") = "Infrastructure", "Infrastructure", "{DCCE62C0-BA7B-4027-A9F2-BB96C16726B8}"
EndProject
Project("{9A19103F-16F7-4668-BE54-9A1E7A4F7556}") = "GMAShop.Order.Application", "Services\Order\Core\GMAShop.Order.Application\GMAShop.Order.Application.csproj", "{A10A0645-32FE-405F-867A-25B46471BF5D}"
EndProject
Project("{9A19103F-16F7-4668-BE54-9A1E7A4F7556}") = "GMAShop.Order.Domain", "Services\Order\Core\GMAShop.Order.Domain\GMAShop.Order.Domain.csproj", "{EE83000F-FF3A-46D7-8AD5-7AAB1F6F9AD5}"
EndProject
Project("{9A19103F-16F7-4668-BE54-9A1E7A4F7556}") = "GMAShop.Order.Persistence", "Services\Order\Infrastructure\GMAShop.Order.Persistence\GMAShop.Order.Persistence.csproj", "{F91CB024-D109-4024-BCA0-12849921D1F0}"
EndProject
Project("{9A19103F-16F7-4668-BE54-9A1E7A4F7556}") = "GMAShop.Order.WebApi", "Services\Order\Presentation\GMAShop.Order.WebApi\GMAShop.Order.WebApi.csproj", "{A725747D-A7DC-4972-8A13-4B6F0BEF2E51}"
EndProject
Project("{2150E333-8FDC-42A3-9474-1A3956D46DE8}") = "IdentityServer", "IdentityServer", "{CDD377BC-C33F-4A24-BE46-CE03A12EF68E}"
EndProject
Project("{9A19103F-16F7-4668-BE54-9A1E7A4F7556}") = "GMAShop.IdentityServer", "IdentityServer\GMAShop.IdentityServer\GMAShop.IdentityServer.csproj", "{E6D0B348-D607-4515-9B5D-23D333B9C364}"
EndProject
Project("{2150E333-8FDC-42A3-9474-1A3956D46DE8}") = "Requirements", "Requirements", "{D66D26EA-24C6-4654-939A-678963DFEC03}"
	ProjectSection(SolutionItems) = preProject
		IdentityServerVersion.txt = IdentityServerVersion.txt
		PortainerCmd.txt = PortainerCmd.txt
	EndProjectSection
EndProject
Global
	GlobalSection(SolutionConfigurationPlatforms) = preSolution
		Debug|Any CPU = Debug|Any CPU
		Release|Any CPU = Release|Any CPU
	EndGlobalSection
	GlobalSection(ProjectConfigurationPlatforms) = postSolution
		{0C257173-696B-41D2-9561-1BD358BFA456}.Debug|Any CPU.ActiveCfg = Debug|Any CPU
		{0C257173-696B-41D2-9561-1BD358BFA456}.Debug|Any CPU.Build.0 = Debug|Any CPU
		{0C257173-696B-41D2-9561-1BD358BFA456}.Release|Any CPU.ActiveCfg = Release|Any CPU
		{0C257173-696B-41D2-9561-1BD358BFA456}.Release|Any CPU.Build.0 = Release|Any CPU
		{C2869E83-64F2-4D5B-ACAA-2BD52CE9C110}.Debug|Any CPU.ActiveCfg = Debug|Any CPU
		{C2869E83-64F2-4D5B-ACAA-2BD52CE9C110}.Debug|Any CPU.Build.0 = Debug|Any CPU
		{C2869E83-64F2-4D5B-ACAA-2BD52CE9C110}.Release|Any CPU.ActiveCfg = Release|Any CPU
		{C2869E83-64F2-4D5B-ACAA-2BD52CE9C110}.Release|Any CPU.Build.0 = Release|Any CPU
		{A10A0645-32FE-405F-867A-25B46471BF5D}.Debug|Any CPU.ActiveCfg = Debug|Any CPU
		{A10A0645-32FE-405F-867A-25B46471BF5D}.Debug|Any CPU.Build.0 = Debug|Any CPU
		{A10A0645-32FE-405F-867A-25B46471BF5D}.Release|Any CPU.ActiveCfg = Release|Any CPU
		{A10A0645-32FE-405F-867A-25B46471BF5D}.Release|Any CPU.Build.0 = Release|Any CPU
		{EE83000F-FF3A-46D7-8AD5-7AAB1F6F9AD5}.Debug|Any CPU.ActiveCfg = Debug|Any CPU
		{EE83000F-FF3A-46D7-8AD5-7AAB1F6F9AD5}.Debug|Any CPU.Build.0 = Debug|Any CPU
		{EE83000F-FF3A-46D7-8AD5-7AAB1F6F9AD5}.Release|Any CPU.ActiveCfg = Release|Any CPU
		{EE83000F-FF3A-46D7-8AD5-7AAB1F6F9AD5}.Release|Any CPU.Build.0 = Release|Any CPU
		{F91CB024-D109-4024-BCA0-12849921D1F0}.Debug|Any CPU.ActiveCfg = Debug|Any CPU
		{F91CB024-D109-4024-BCA0-12849921D1F0}.Debug|Any CPU.Build.0 = Debug|Any CPU
		{F91CB024-D109-4024-BCA0-12849921D1F0}.Release|Any CPU.ActiveCfg = Release|Any CPU
		{F91CB024-D109-4024-BCA0-12849921D1F0}.Release|Any CPU.Build.0 = Release|Any CPU
		{A725747D-A7DC-4972-8A13-4B6F0BEF2E51}.Debug|Any CPU.ActiveCfg = Debug|Any CPU
		{A725747D-A7DC-4972-8A13-4B6F0BEF2E51}.Debug|Any CPU.Build.0 = Debug|Any CPU
		{A725747D-A7DC-4972-8A13-4B6F0BEF2E51}.Release|Any CPU.ActiveCfg = Release|Any CPU
		{A725747D-A7DC-4972-8A13-4B6F0BEF2E51}.Release|Any CPU.Build.0 = Release|Any CPU
		{E6D0B348-D607-4515-9B5D-23D333B9C364}.Debug|Any CPU.ActiveCfg = Debug|Any CPU
		{E6D0B348-D607-4515-9B5D-23D333B9C364}.Debug|Any CPU.Build.0 = Debug|Any CPU
		{E6D0B348-D607-4515-9B5D-23D333B9C364}.Release|Any CPU.ActiveCfg = Release|Any CPU
		{E6D0B348-D607-4515-9B5D-23D333B9C364}.Release|Any CPU.Build.0 = Release|Any CPU
	EndGlobalSection
	GlobalSection(SolutionProperties) = preSolution
		HideSolutionNode = FALSE
	EndGlobalSection
	GlobalSection(NestedProjects) = preSolution
		{A25D3807-E755-4B23-8704-E63FAC8D6586} = {7F581BE7-BF9B-48D3-8C85-8DA6EFE3213E}
		{0C257173-696B-41D2-9561-1BD358BFA456} = {A25D3807-E755-4B23-8704-E63FAC8D6586}
		{06F3C1A6-420F-4B41-BA87-BCE965EC902C} = {7F581BE7-BF9B-48D3-8C85-8DA6EFE3213E}
		{C2869E83-64F2-4D5B-ACAA-2BD52CE9C110} = {06F3C1A6-420F-4B41-BA87-BCE965EC902C}
		{1A2FE16C-199E-40E0-9D5C-6032164F697B} = {7F581BE7-BF9B-48D3-8C85-8DA6EFE3213E}
		{88621A58-632B-4CF0-B580-E87C5C032472} = {1A2FE16C-199E-40E0-9D5C-6032164F697B}
		{EF285B16-3F68-4820-8720-5FDB995B1A47} = {1A2FE16C-199E-40E0-9D5C-6032164F697B}
		{DCCE62C0-BA7B-4027-A9F2-BB96C16726B8} = {1A2FE16C-199E-40E0-9D5C-6032164F697B}
		{A10A0645-32FE-405F-867A-25B46471BF5D} = {88621A58-632B-4CF0-B580-E87C5C032472}
		{EE83000F-FF3A-46D7-8AD5-7AAB1F6F9AD5} = {88621A58-632B-4CF0-B580-E87C5C032472}
		{F91CB024-D109-4024-BCA0-12849921D1F0} = {DCCE62C0-BA7B-4027-A9F2-BB96C16726B8}
		{A725747D-A7DC-4972-8A13-4B6F0BEF2E51} = {EF285B16-3F68-4820-8720-5FDB995B1A47}
		{E6D0B348-D607-4515-9B5D-23D333B9C364} = {CDD377BC-C33F-4A24-BE46-CE03A12EF68E}
		{D66D26EA-24C6-4654-939A-678963DFEC03} = {CDD377BC-C33F-4A24-BE46-CE03A12EF68E}
	EndGlobalSection
	GlobalSection(ExtensibilityGlobals) = postSolution
		SolutionGuid = {A513BB07-C983-49CC-A31F-0596D40CEE20}
	EndGlobalSection
EndGlobal
